
Microsoft Visual Studio Solution File, Format Version 12.00
# Visual Studio Version 16
VisualStudioVersion = 16.0.29728.190
MinimumVisualStudioVersion = 10.0.40219.1
Project("{FAE04EC0-301F-11D3-BF4B-00C04F79EFBC}") = "ApplicationWPF", "ApplicationWPF.csproj", "{7D90F657-87E4-4D3F-9229-3CA6DB8DD899}"
EndProject
Project("{9A19103F-16F7-4668-BE54-9A1E7A4F7556}") = "ConsoleApp", "ConsoleApp\ConsoleApp.csproj", "{DF5F48E6-A909-4144-B02C-0258017E6A09}"
EndProject
Project("{FAE04EC0-301F-11D3-BF4B-00C04F79EFBC}") = "ConsoleApp3", "..\ConsoleApp3\ConsoleApp3.csproj", "{979FC41E-CA5E-4E7B-80D7-3811FA444A26}"
EndProject
Global
	GlobalSection(SolutionConfigurationPlatforms) = preSolution
		Debug|Any CPU = Debug|Any CPU
		Release|Any CPU = Release|Any CPU
	EndGlobalSection
	GlobalSection(ProjectConfigurationPlatforms) = postSolution
		{7D90F657-87E4-4D3F-9229-3CA6DB8DD899}.Debug|Any CPU.ActiveCfg = Debug|Any CPU
		{7D90F657-87E4-4D3F-9229-3CA6DB8DD899}.Debug|Any CPU.Build.0 = Debug|Any CPU
		{7D90F657-87E4-4D3F-9229-3CA6DB8DD899}.Release|Any CPU.ActiveCfg = Release|Any CPU
		{7D90F657-87E4-4D3F-9229-3CA6DB8DD899}.Release|Any CPU.Build.0 = Release|Any CPU
		{DF5F48E6-A909-4144-B02C-0258017E6A09}.Debug|Any CPU.ActiveCfg = Debug|Any CPU
		{DF5F48E6-A909-4144-B02C-0258017E6A09}.Debug|Any CPU.Build.0 = Debug|Any CPU
		{DF5F48E6-A909-4144-B02C-0258017E6A09}.Release|Any CPU.ActiveCfg = Release|Any CPU
		{DF5F48E6-A909-4144-B02C-0258017E6A09}.Release|Any CPU.Build.0 = Release|Any CPU
		{979FC41E-CA5E-4E7B-80D7-3811FA444A26}.Debug|Any CPU.ActiveCfg = Debug|Any CPU
		{979FC41E-CA5E-4E7B-80D7-3811FA444A26}.Debug|Any CPU.Build.0 = Debug|Any CPU
		{979FC41E-CA5E-4E7B-80D7-3811FA444A26}.Release|Any CPU.ActiveCfg = Release|Any CPU
		{979FC41E-CA5E-4E7B-80D7-3811FA444A26}.Release|Any CPU.Build.0 = Release|Any CPU
	EndGlobalSection
	GlobalSection(SolutionProperties) = preSolution
		HideSolutionNode = FALSE
	EndGlobalSection
	GlobalSection(ExtensibilityGlobals) = postSolution
		SolutionGuid = {9DE005B1-CCF5-4B47-AC07-65A1081F0B8A}
	EndGlobalSection
EndGlobal
